
Microsoft Visual Studio Solution File, Format Version 12.00
# Visual Studio 15
VisualStudioVersion = 15.0.28307.1738
MinimumVisualStudioVersion = 10.0.40219.1
Project("{E24C65DC-7377-472B-9ABA-BC803B73C61A}") = "projerct", ".", "{98829749-CEE9-49E3-9D21-F6EBEE1876F5}"
	ProjectSection(WebsiteProperties) = preProject
		TargetFrameworkMoniker = ".NETFramework,Version%3Dv4.0"
		Debug.AspNetCompiler.VirtualPath = "/localhost_52427"
		Debug.AspNetCompiler.PhysicalPath = "D:\Private\ECommerce\Demo\projerct\"
		Debug.AspNetCompiler.TargetPath = "PrecompiledWeb\localhost_52427\"
		Debug.AspNetCompiler.Updateable = "true"
		Debug.AspNetCompiler.ForceOverwrite = "true"
		Debug.AspNetCompiler.FixedNames = "false"
		Debug.AspNetCompiler.Debug = "True"
		Release.AspNetCompiler.VirtualPath = "/localhost_52427"
		Release.AspNetCompiler.PhysicalPath = "D:\Private\ECommerce\Demo\projerct\"
		Release.AspNetCompiler.TargetPath = "PrecompiledWeb\localhost_52427\"
		Release.AspNetCompiler.Updateable = "true"
		Release.AspNetCompiler.ForceOverwrite = "true"
		Release.AspNetCompiler.FixedNames = "false"
		Release.AspNetCompiler.Debug = "False"
		VWDPort = "52427"
	EndProjectSection
EndProject
Global
	GlobalSection(SolutionConfigurationPlatforms) = preSolution
		Debug|Any CPU = Debug|Any CPU
	EndGlobalSection
	GlobalSection(ProjectConfigurationPlatforms) = postSolution
		{98829749-CEE9-49E3-9D21-F6EBEE1876F5}.Debug|Any CPU.ActiveCfg = Debug|Any CPU
		{98829749-CEE9-49E3-9D21-F6EBEE1876F5}.Debug|Any CPU.Build.0 = Debug|Any CPU
	EndGlobalSection
	GlobalSection(SolutionProperties) = preSolution
		HideSolutionNode = FALSE
	EndGlobalSection
	GlobalSection(ExtensibilityGlobals) = postSolution
		SolutionGuid = {928AD6C1-3B4F-445A-8DF0-E2A8AD55918A}
	EndGlobalSection
EndGlobal
